
Microsoft Visual Studio Solution File, Format Version 12.00
# Visual Studio Version 16
VisualStudioVersion = 16.0.32602.291
MinimumVisualStudioVersion = 10.0.40219.1
Project("{FAE04EC0-301F-11D3-BF4B-00C04F79EFBC}") = "Самовалидация_модели", "Самовалидация_модели.csproj", "{0FCBA0F1-95B3-4BC9-A820-9EA539AB2E14}"
EndProject
Global
	GlobalSection(SolutionConfigurationPlatforms) = preSolution
		Debug|Any CPU = Debug|Any CPU
		Release|Any CPU = Release|Any CPU
	EndGlobalSection
	GlobalSection(ProjectConfigurationPlatforms) = postSolution
		{0FCBA0F1-95B3-4BC9-A820-9EA539AB2E14}.Debug|Any CPU.ActiveCfg = Debug|Any CPU
		{0FCBA0F1-95B3-4BC9-A820-9EA539AB2E14}.Debug|Any CPU.Build.0 = Debug|Any CPU
		{0FCBA0F1-95B3-4BC9-A820-9EA539AB2E14}.Release|Any CPU.ActiveCfg = Release|Any CPU
		{0FCBA0F1-95B3-4BC9-A820-9EA539AB2E14}.Release|Any CPU.Build.0 = Release|Any CPU
	EndGlobalSection
	GlobalSection(SolutionProperties) = preSolution
		HideSolutionNode = FALSE
	EndGlobalSection
	GlobalSection(ExtensibilityGlobals) = postSolution
		SolutionGuid = {21F88507-2EE2-42B9-BFDD-ECE76394E4E0}
	EndGlobalSection
EndGlobal
