
Microsoft Visual Studio Solution File, Format Version 12.00
# Visual Studio Version 16
VisualStudioVersion = 16.0.32602.291
MinimumVisualStudioVersion = 10.0.40219.1
Project("{FAE04EC0-301F-11D3-BF4B-00C04F79EFBC}") = "Работа_с_каталогами", "Работа_с_каталогами.csproj", "{F0832694-B27D-4C1E-B6A1-E115BCD1D647}"
EndProject
Global
	GlobalSection(SolutionConfigurationPlatforms) = preSolution
		Debug|Any CPU = Debug|Any CPU
		Release|Any CPU = Release|Any CPU
	EndGlobalSection
	GlobalSection(ProjectConfigurationPlatforms) = postSolution
		{F0832694-B27D-4C1E-B6A1-E115BCD1D647}.Debug|Any CPU.ActiveCfg = Debug|Any CPU
		{F0832694-B27D-4C1E-B6A1-E115BCD1D647}.Debug|Any CPU.Build.0 = Debug|Any CPU
		{F0832694-B27D-4C1E-B6A1-E115BCD1D647}.Release|Any CPU.ActiveCfg = Release|Any CPU
		{F0832694-B27D-4C1E-B6A1-E115BCD1D647}.Release|Any CPU.Build.0 = Release|Any CPU
	EndGlobalSection
	GlobalSection(SolutionProperties) = preSolution
		HideSolutionNode = FALSE
	EndGlobalSection
	GlobalSection(ExtensibilityGlobals) = postSolution
		SolutionGuid = {38C614F4-9827-4896-B4E4-B19E3711E550}
	EndGlobalSection
EndGlobal
