
Microsoft Visual Studio Solution File, Format Version 12.00
# Visual Studio Version 16
VisualStudioVersion = 16.0.31729.503
MinimumVisualStudioVersion = 10.0.40219.1
Project("{9A19103F-16F7-4668-BE54-9A1E7A4F7556}") = "Canceling tasks and parallel operations", "Canceling tasks and parallel operations.csproj", "{02255D2A-BB49-4DEF-9EE9-58081ADB78C1}"
EndProject
Global
	GlobalSection(SolutionConfigurationPlatforms) = preSolution
		Debug|Any CPU = Debug|Any CPU
		Release|Any CPU = Release|Any CPU
	EndGlobalSection
	GlobalSection(ProjectConfigurationPlatforms) = postSolution
		{02255D2A-BB49-4DEF-9EE9-58081ADB78C1}.Debug|Any CPU.ActiveCfg = Debug|Any CPU
		{02255D2A-BB49-4DEF-9EE9-58081ADB78C1}.Debug|Any CPU.Build.0 = Debug|Any CPU
		{02255D2A-BB49-4DEF-9EE9-58081ADB78C1}.Release|Any CPU.ActiveCfg = Release|Any CPU
		{02255D2A-BB49-4DEF-9EE9-58081ADB78C1}.Release|Any CPU.Build.0 = Release|Any CPU
	EndGlobalSection
	GlobalSection(SolutionProperties) = preSolution
		HideSolutionNode = FALSE
	EndGlobalSection
	GlobalSection(ExtensibilityGlobals) = postSolution
		SolutionGuid = {BE07E9EE-8AE8-48E2-8BB7-E239910455E1}
	EndGlobalSection
EndGlobal
