
Microsoft Visual Studio Solution File, Format Version 12.00
# Visual Studio Version 16
VisualStudioVersion = 16.0.32630.194
MinimumVisualStudioVersion = 10.0.40219.1
Project("{FAE04EC0-301F-11D3-BF4B-00C04F79EFBC}") = "(L)Liskov Substitution Principle", "(L)Liskov Substitution Principle.csproj", "{0A78C294-78C6-443E-80AF-7D6DB2DE8343}"
EndProject
Global
	GlobalSection(SolutionConfigurationPlatforms) = preSolution
		Debug|Any CPU = Debug|Any CPU
		Release|Any CPU = Release|Any CPU
	EndGlobalSection
	GlobalSection(ProjectConfigurationPlatforms) = postSolution
		{0A78C294-78C6-443E-80AF-7D6DB2DE8343}.Debug|Any CPU.ActiveCfg = Debug|Any CPU
		{0A78C294-78C6-443E-80AF-7D6DB2DE8343}.Debug|Any CPU.Build.0 = Debug|Any CPU
		{0A78C294-78C6-443E-80AF-7D6DB2DE8343}.Release|Any CPU.ActiveCfg = Release|Any CPU
		{0A78C294-78C6-443E-80AF-7D6DB2DE8343}.Release|Any CPU.Build.0 = Release|Any CPU
	EndGlobalSection
	GlobalSection(SolutionProperties) = preSolution
		HideSolutionNode = FALSE
	EndGlobalSection
	GlobalSection(ExtensibilityGlobals) = postSolution
		SolutionGuid = {016AAAB8-D920-482F-8C61-DCE9315F8899}
	EndGlobalSection
EndGlobal
