
Microsoft Visual Studio Solution File, Format Version 12.00
# Visual Studio Version 16
VisualStudioVersion = 16.0.32602.291
MinimumVisualStudioVersion = 10.0.40219.1
Project("{FAE04EC0-301F-11D3-BF4B-00C04F79EFBC}") = "Основы_валидации_модели", "Основы_валидации_модели.csproj", "{32DBD20D-DB1D-4AFF-8ABF-B4807A856FC4}"
EndProject
Global
	GlobalSection(SolutionConfigurationPlatforms) = preSolution
		Debug|Any CPU = Debug|Any CPU
		Release|Any CPU = Release|Any CPU
	EndGlobalSection
	GlobalSection(ProjectConfigurationPlatforms) = postSolution
		{32DBD20D-DB1D-4AFF-8ABF-B4807A856FC4}.Debug|Any CPU.ActiveCfg = Debug|Any CPU
		{32DBD20D-DB1D-4AFF-8ABF-B4807A856FC4}.Debug|Any CPU.Build.0 = Debug|Any CPU
		{32DBD20D-DB1D-4AFF-8ABF-B4807A856FC4}.Release|Any CPU.ActiveCfg = Release|Any CPU
		{32DBD20D-DB1D-4AFF-8ABF-B4807A856FC4}.Release|Any CPU.Build.0 = Release|Any CPU
	EndGlobalSection
	GlobalSection(SolutionProperties) = preSolution
		HideSolutionNode = FALSE
	EndGlobalSection
	GlobalSection(ExtensibilityGlobals) = postSolution
		SolutionGuid = {63D14E94-CCC3-4F5A-8A4D-CCC688CB7493}
	EndGlobalSection
EndGlobal
