
Microsoft Visual Studio Solution File, Format Version 12.00
# Visual Studio Version 16
VisualStudioVersion = 16.0.32602.291
MinimumVisualStudioVersion = 10.0.40219.1
Project("{FAE04EC0-301F-11D3-BF4B-00C04F79EFBC}") = "TCP-сервер_Класс_TcpListener", "TCP-сервер_Класс_TcpListener.csproj", "{5B80C844-8B2E-44F5-8F7F-9B69023C36FB}"
EndProject
Global
	GlobalSection(SolutionConfigurationPlatforms) = preSolution
		Debug|Any CPU = Debug|Any CPU
		Release|Any CPU = Release|Any CPU
	EndGlobalSection
	GlobalSection(ProjectConfigurationPlatforms) = postSolution
		{5B80C844-8B2E-44F5-8F7F-9B69023C36FB}.Debug|Any CPU.ActiveCfg = Debug|Any CPU
		{5B80C844-8B2E-44F5-8F7F-9B69023C36FB}.Debug|Any CPU.Build.0 = Debug|Any CPU
		{5B80C844-8B2E-44F5-8F7F-9B69023C36FB}.Release|Any CPU.ActiveCfg = Release|Any CPU
		{5B80C844-8B2E-44F5-8F7F-9B69023C36FB}.Release|Any CPU.Build.0 = Release|Any CPU
	EndGlobalSection
	GlobalSection(SolutionProperties) = preSolution
		HideSolutionNode = FALSE
	EndGlobalSection
	GlobalSection(ExtensibilityGlobals) = postSolution
		SolutionGuid = {1A91E4A9-86B4-4919-AE96-2EB1A740D5CE}
	EndGlobalSection
EndGlobal
