
Microsoft Visual Studio Solution File, Format Version 12.00
# Visual Studio Version 16
VisualStudioVersion = 16.0.32602.291
MinimumVisualStudioVersion = 10.0.40219.1
Project("{FAE04EC0-301F-11D3-BF4B-00C04F79EFBC}") = "Изменение_документа_в_LINQ_to_XML", "Изменение_документа_в_LINQ_to_XML.csproj", "{72D9B133-CDDF-45F1-8430-D5FA76BEE892}"
EndProject
Global
	GlobalSection(SolutionConfigurationPlatforms) = preSolution
		Debug|Any CPU = Debug|Any CPU
		Release|Any CPU = Release|Any CPU
	EndGlobalSection
	GlobalSection(ProjectConfigurationPlatforms) = postSolution
		{72D9B133-CDDF-45F1-8430-D5FA76BEE892}.Debug|Any CPU.ActiveCfg = Debug|Any CPU
		{72D9B133-CDDF-45F1-8430-D5FA76BEE892}.Debug|Any CPU.Build.0 = Debug|Any CPU
		{72D9B133-CDDF-45F1-8430-D5FA76BEE892}.Release|Any CPU.ActiveCfg = Release|Any CPU
		{72D9B133-CDDF-45F1-8430-D5FA76BEE892}.Release|Any CPU.Build.0 = Release|Any CPU
	EndGlobalSection
	GlobalSection(SolutionProperties) = preSolution
		HideSolutionNode = FALSE
	EndGlobalSection
	GlobalSection(ExtensibilityGlobals) = postSolution
		SolutionGuid = {7D8F09D2-6BF6-4CCD-B95D-C0B176960380}
	EndGlobalSection
EndGlobal
