
Microsoft Visual Studio Solution File, Format Version 12.00
# Visual Studio Version 16
VisualStudioVersion = 16.0.32602.291
MinimumVisualStudioVersion = 10.0.40219.1
Project("{FAE04EC0-301F-11D3-BF4B-00C04F79EFBC}") = "Атрибуты_в_NET", "Атрибуты_в_NET.csproj", "{94319F52-EF05-4C13-B66C-99B2CA504A89}"
EndProject
Global
	GlobalSection(SolutionConfigurationPlatforms) = preSolution
		Debug|Any CPU = Debug|Any CPU
		Release|Any CPU = Release|Any CPU
	EndGlobalSection
	GlobalSection(ProjectConfigurationPlatforms) = postSolution
		{94319F52-EF05-4C13-B66C-99B2CA504A89}.Debug|Any CPU.ActiveCfg = Debug|Any CPU
		{94319F52-EF05-4C13-B66C-99B2CA504A89}.Debug|Any CPU.Build.0 = Debug|Any CPU
		{94319F52-EF05-4C13-B66C-99B2CA504A89}.Release|Any CPU.ActiveCfg = Release|Any CPU
		{94319F52-EF05-4C13-B66C-99B2CA504A89}.Release|Any CPU.Build.0 = Release|Any CPU
	EndGlobalSection
	GlobalSection(SolutionProperties) = preSolution
		HideSolutionNode = FALSE
	EndGlobalSection
	GlobalSection(ExtensibilityGlobals) = postSolution
		SolutionGuid = {32437D57-747A-455E-B258-58C1EEAA8F7E}
	EndGlobalSection
EndGlobal
