
Microsoft Visual Studio Solution File, Format Version 12.00
# Visual Studio Version 16
VisualStudioVersion = 16.0.32602.291
MinimumVisualStudioVersion = 10.0.40219.1
Project("{FAE04EC0-301F-11D3-BF4B-00C04F79EFBC}") = "Интерфейсы или абстрактные классы", "Интерфейсы или абстрактные классы.csproj", "{EC0F8AF3-4573-4CE8-B591-470B01301D82}"
EndProject
Global
	GlobalSection(SolutionConfigurationPlatforms) = preSolution
		Debug|Any CPU = Debug|Any CPU
		Release|Any CPU = Release|Any CPU
	EndGlobalSection
	GlobalSection(ProjectConfigurationPlatforms) = postSolution
		{EC0F8AF3-4573-4CE8-B591-470B01301D82}.Debug|Any CPU.ActiveCfg = Debug|Any CPU
		{EC0F8AF3-4573-4CE8-B591-470B01301D82}.Debug|Any CPU.Build.0 = Debug|Any CPU
		{EC0F8AF3-4573-4CE8-B591-470B01301D82}.Release|Any CPU.ActiveCfg = Release|Any CPU
		{EC0F8AF3-4573-4CE8-B591-470B01301D82}.Release|Any CPU.Build.0 = Release|Any CPU
	EndGlobalSection
	GlobalSection(SolutionProperties) = preSolution
		HideSolutionNode = FALSE
	EndGlobalSection
	GlobalSection(ExtensibilityGlobals) = postSolution
		SolutionGuid = {00631D5E-66B4-4AA9-81FF-725E086863D4}
	EndGlobalSection
EndGlobal
