
Microsoft Visual Studio Solution File, Format Version 12.00
# Visual Studio Version 16
VisualStudioVersion = 16.0.32602.291
MinimumVisualStudioVersion = 10.0.40219.1
Project("{FAE04EC0-301F-11D3-BF4B-00C04F79EFBC}") = "Многопоточное_клиент-серверное_TCP", "Многопоточное_клиент-серверное_TCP.csproj", "{2F786D33-A2EE-41B8-A011-890C65F63D84}"
EndProject
Project("{FAE04EC0-301F-11D3-BF4B-00C04F79EFBC}") = "ServerConsole", "..\ServerConsole\ServerConsole.csproj", "{BB309B04-489D-414E-8909-EEFABCD0C3C2}"
EndProject
Global
	GlobalSection(SolutionConfigurationPlatforms) = preSolution
		Debug|Any CPU = Debug|Any CPU
		Release|Any CPU = Release|Any CPU
	EndGlobalSection
	GlobalSection(ProjectConfigurationPlatforms) = postSolution
		{2F786D33-A2EE-41B8-A011-890C65F63D84}.Debug|Any CPU.ActiveCfg = Debug|Any CPU
		{2F786D33-A2EE-41B8-A011-890C65F63D84}.Debug|Any CPU.Build.0 = Debug|Any CPU
		{2F786D33-A2EE-41B8-A011-890C65F63D84}.Release|Any CPU.ActiveCfg = Release|Any CPU
		{2F786D33-A2EE-41B8-A011-890C65F63D84}.Release|Any CPU.Build.0 = Release|Any CPU
		{BB309B04-489D-414E-8909-EEFABCD0C3C2}.Debug|Any CPU.ActiveCfg = Debug|Any CPU
		{BB309B04-489D-414E-8909-EEFABCD0C3C2}.Debug|Any CPU.Build.0 = Debug|Any CPU
		{BB309B04-489D-414E-8909-EEFABCD0C3C2}.Release|Any CPU.ActiveCfg = Release|Any CPU
		{BB309B04-489D-414E-8909-EEFABCD0C3C2}.Release|Any CPU.Build.0 = Release|Any CPU
	EndGlobalSection
	GlobalSection(SolutionProperties) = preSolution
		HideSolutionNode = FALSE
	EndGlobalSection
	GlobalSection(ExtensibilityGlobals) = postSolution
		SolutionGuid = {D2997B21-408F-458D-B2EA-73CAEA8B82D8}
	EndGlobalSection
EndGlobal
