
Microsoft Visual Studio Solution File, Format Version 12.00
# Visual Studio Version 16
VisualStudioVersion = 16.0.32602.291
MinimumVisualStudioVersion = 10.0.40219.1
Project("{FAE04EC0-301F-11D3-BF4B-00C04F79EFBC}") = "Работа_с_дисками", "Работа_с_дисками.csproj", "{4BAF2FB3-7E7E-4DC9-9908-A992F94CAB4B}"
EndProject
Global
	GlobalSection(SolutionConfigurationPlatforms) = preSolution
		Debug|Any CPU = Debug|Any CPU
		Release|Any CPU = Release|Any CPU
	EndGlobalSection
	GlobalSection(ProjectConfigurationPlatforms) = postSolution
		{4BAF2FB3-7E7E-4DC9-9908-A992F94CAB4B}.Debug|Any CPU.ActiveCfg = Debug|Any CPU
		{4BAF2FB3-7E7E-4DC9-9908-A992F94CAB4B}.Debug|Any CPU.Build.0 = Debug|Any CPU
		{4BAF2FB3-7E7E-4DC9-9908-A992F94CAB4B}.Release|Any CPU.ActiveCfg = Release|Any CPU
		{4BAF2FB3-7E7E-4DC9-9908-A992F94CAB4B}.Release|Any CPU.Build.0 = Release|Any CPU
	EndGlobalSection
	GlobalSection(SolutionProperties) = preSolution
		HideSolutionNode = FALSE
	EndGlobalSection
	GlobalSection(ExtensibilityGlobals) = postSolution
		SolutionGuid = {4FD5C3CE-C9B6-463C-A274-A48F36D3C325}
	EndGlobalSection
EndGlobal
