
Microsoft Visual Studio Solution File, Format Version 12.00
# Visual Studio Version 16
VisualStudioVersion = 16.0.32602.291
MinimumVisualStudioVersion = 10.0.40219.1
Project("{9A19103F-16F7-4668-BE54-9A1E7A4F7556}") = "Connecting collections", "Connecting collections.csproj", "{C70A0F0B-3A7D-4D59-9C39-DDBD9EDD74BF}"
EndProject
Global
	GlobalSection(SolutionConfigurationPlatforms) = preSolution
		Debug|Any CPU = Debug|Any CPU
		Release|Any CPU = Release|Any CPU
	EndGlobalSection
	GlobalSection(ProjectConfigurationPlatforms) = postSolution
		{C70A0F0B-3A7D-4D59-9C39-DDBD9EDD74BF}.Debug|Any CPU.ActiveCfg = Debug|Any CPU
		{C70A0F0B-3A7D-4D59-9C39-DDBD9EDD74BF}.Debug|Any CPU.Build.0 = Debug|Any CPU
		{C70A0F0B-3A7D-4D59-9C39-DDBD9EDD74BF}.Release|Any CPU.ActiveCfg = Release|Any CPU
		{C70A0F0B-3A7D-4D59-9C39-DDBD9EDD74BF}.Release|Any CPU.Build.0 = Release|Any CPU
	EndGlobalSection
	GlobalSection(SolutionProperties) = preSolution
		HideSolutionNode = FALSE
	EndGlobalSection
	GlobalSection(ExtensibilityGlobals) = postSolution
		SolutionGuid = {8673856C-9B9A-44BA-802D-D5EE44DE44B6}
	EndGlobalSection
EndGlobal
