
Microsoft Visual Studio Solution File, Format Version 12.00
# Visual Studio Version 16
VisualStudioVersion = 16.0.32602.291
MinimumVisualStudioVersion = 10.0.40219.1
Project("{FAE04EC0-301F-11D3-BF4B-00C04F79EFBC}") = "Широковещательная_рассылка", "Широковещательная_рассылка.csproj", "{3E27C428-7734-4F10-A91D-A012E86C7127}"
EndProject
Global
	GlobalSection(SolutionConfigurationPlatforms) = preSolution
		Debug|Any CPU = Debug|Any CPU
		Release|Any CPU = Release|Any CPU
	EndGlobalSection
	GlobalSection(ProjectConfigurationPlatforms) = postSolution
		{3E27C428-7734-4F10-A91D-A012E86C7127}.Debug|Any CPU.ActiveCfg = Debug|Any CPU
		{3E27C428-7734-4F10-A91D-A012E86C7127}.Debug|Any CPU.Build.0 = Debug|Any CPU
		{3E27C428-7734-4F10-A91D-A012E86C7127}.Release|Any CPU.ActiveCfg = Release|Any CPU
		{3E27C428-7734-4F10-A91D-A012E86C7127}.Release|Any CPU.Build.0 = Release|Any CPU
	EndGlobalSection
	GlobalSection(SolutionProperties) = preSolution
		HideSolutionNode = FALSE
	EndGlobalSection
	GlobalSection(ExtensibilityGlobals) = postSolution
		SolutionGuid = {AADA5F58-D457-4455-9A20-BE36D6262137}
	EndGlobalSection
EndGlobal
