
Microsoft Visual Studio Solution File, Format Version 12.00
# Visual Studio Version 16
VisualStudioVersion = 16.0.31729.503
MinimumVisualStudioVersion = 10.0.40219.1
Project("{9A19103F-16F7-4668-BE54-9A1E7A4F7556}") = "Class Parallel", "Class Parallel.csproj", "{EE865432-D2EC-4CEB-B417-48FE4FAA2FFD}"
EndProject
Global
	GlobalSection(SolutionConfigurationPlatforms) = preSolution
		Debug|Any CPU = Debug|Any CPU
		Release|Any CPU = Release|Any CPU
	EndGlobalSection
	GlobalSection(ProjectConfigurationPlatforms) = postSolution
		{EE865432-D2EC-4CEB-B417-48FE4FAA2FFD}.Debug|Any CPU.ActiveCfg = Debug|Any CPU
		{EE865432-D2EC-4CEB-B417-48FE4FAA2FFD}.Debug|Any CPU.Build.0 = Debug|Any CPU
		{EE865432-D2EC-4CEB-B417-48FE4FAA2FFD}.Release|Any CPU.ActiveCfg = Release|Any CPU
		{EE865432-D2EC-4CEB-B417-48FE4FAA2FFD}.Release|Any CPU.Build.0 = Release|Any CPU
	EndGlobalSection
	GlobalSection(SolutionProperties) = preSolution
		HideSolutionNode = FALSE
	EndGlobalSection
	GlobalSection(ExtensibilityGlobals) = postSolution
		SolutionGuid = {924E936A-A210-453A-B24C-3B3B3AC88E13}
	EndGlobalSection
EndGlobal
