
Microsoft Visual Studio Solution File, Format Version 12.00
# Visual Studio Version 16
VisualStudioVersion = 16.0.32602.291
MinimumVisualStudioVersion = 10.0.40219.1
Project("{9A19103F-16F7-4668-BE54-9A1E7A4F7556}") = "Deferred and Delayed LINQ execution", "Deferred and Delayed LINQ execution.csproj", "{763FF97C-3ADD-4164-BA15-0C6332BBE84E}"
EndProject
Global
	GlobalSection(SolutionConfigurationPlatforms) = preSolution
		Debug|Any CPU = Debug|Any CPU
		Release|Any CPU = Release|Any CPU
	EndGlobalSection
	GlobalSection(ProjectConfigurationPlatforms) = postSolution
		{763FF97C-3ADD-4164-BA15-0C6332BBE84E}.Debug|Any CPU.ActiveCfg = Debug|Any CPU
		{763FF97C-3ADD-4164-BA15-0C6332BBE84E}.Debug|Any CPU.Build.0 = Debug|Any CPU
		{763FF97C-3ADD-4164-BA15-0C6332BBE84E}.Release|Any CPU.ActiveCfg = Release|Any CPU
		{763FF97C-3ADD-4164-BA15-0C6332BBE84E}.Release|Any CPU.Build.0 = Release|Any CPU
	EndGlobalSection
	GlobalSection(SolutionProperties) = preSolution
		HideSolutionNode = FALSE
	EndGlobalSection
	GlobalSection(ExtensibilityGlobals) = postSolution
		SolutionGuid = {50F4A4CA-F811-4869-A644-6368DA225F30}
	EndGlobalSection
EndGlobal
