
Microsoft Visual Studio Solution File, Format Version 12.00
# Visual Studio Version 16
VisualStudioVersion = 16.0.32602.291
MinimumVisualStudioVersion = 10.0.40219.1
Project("{9A19103F-16F7-4668-BE54-9A1E7A4F7556}") = "Methods_SKIP_and_TAKE", "Methods_SKIP_and_TAKE.csproj", "{07EEA472-9E57-43B3-959A-E8A72816350D}"
EndProject
Global
	GlobalSection(SolutionConfigurationPlatforms) = preSolution
		Debug|Any CPU = Debug|Any CPU
		Release|Any CPU = Release|Any CPU
	EndGlobalSection
	GlobalSection(ProjectConfigurationPlatforms) = postSolution
		{07EEA472-9E57-43B3-959A-E8A72816350D}.Debug|Any CPU.ActiveCfg = Debug|Any CPU
		{07EEA472-9E57-43B3-959A-E8A72816350D}.Debug|Any CPU.Build.0 = Debug|Any CPU
		{07EEA472-9E57-43B3-959A-E8A72816350D}.Release|Any CPU.ActiveCfg = Release|Any CPU
		{07EEA472-9E57-43B3-959A-E8A72816350D}.Release|Any CPU.Build.0 = Release|Any CPU
	EndGlobalSection
	GlobalSection(SolutionProperties) = preSolution
		HideSolutionNode = FALSE
	EndGlobalSection
	GlobalSection(ExtensibilityGlobals) = postSolution
		SolutionGuid = {29F2C665-6CDB-43CC-BFD3-9D20A8B27784}
	EndGlobalSection
EndGlobal
