
Microsoft Visual Studio Solution File, Format Version 12.00
# Visual Studio Version 16
VisualStudioVersion = 16.0.32602.291
MinimumVisualStudioVersion = 10.0.40219.1
Project("{9A19103F-16F7-4668-BE54-9A1E7A4F7556}") = "Filtering the collection", "Filtering the collection.csproj", "{B2FF1D92-7D77-448D-8AE0-FCA8AA2720E3}"
EndProject
Global
	GlobalSection(SolutionConfigurationPlatforms) = preSolution
		Debug|Any CPU = Debug|Any CPU
		Release|Any CPU = Release|Any CPU
	EndGlobalSection
	GlobalSection(ProjectConfigurationPlatforms) = postSolution
		{B2FF1D92-7D77-448D-8AE0-FCA8AA2720E3}.Debug|Any CPU.ActiveCfg = Debug|Any CPU
		{B2FF1D92-7D77-448D-8AE0-FCA8AA2720E3}.Debug|Any CPU.Build.0 = Debug|Any CPU
		{B2FF1D92-7D77-448D-8AE0-FCA8AA2720E3}.Release|Any CPU.ActiveCfg = Release|Any CPU
		{B2FF1D92-7D77-448D-8AE0-FCA8AA2720E3}.Release|Any CPU.Build.0 = Release|Any CPU
	EndGlobalSection
	GlobalSection(SolutionProperties) = preSolution
		HideSolutionNode = FALSE
	EndGlobalSection
	GlobalSection(ExtensibilityGlobals) = postSolution
		SolutionGuid = {64EABA66-EDF8-429D-9650-ACF707284141}
	EndGlobalSection
EndGlobal
