
Microsoft Visual Studio Solution File, Format Version 12.00
# Visual Studio Version 16
VisualStudioVersion = 16.0.32602.291
MinimumVisualStudioVersion = 10.0.40219.1
Project("{FAE04EC0-301F-11D3-BF4B-00C04F79EFBC}") = "FileStream_Чтение_и_запись_файла", "FileStream_Чтение_и_запись_файла.csproj", "{138BD312-009A-452D-A32D-46277C409AA9}"
EndProject
Global
	GlobalSection(SolutionConfigurationPlatforms) = preSolution
		Debug|Any CPU = Debug|Any CPU
		Release|Any CPU = Release|Any CPU
	EndGlobalSection
	GlobalSection(ProjectConfigurationPlatforms) = postSolution
		{138BD312-009A-452D-A32D-46277C409AA9}.Debug|Any CPU.ActiveCfg = Debug|Any CPU
		{138BD312-009A-452D-A32D-46277C409AA9}.Debug|Any CPU.Build.0 = Debug|Any CPU
		{138BD312-009A-452D-A32D-46277C409AA9}.Release|Any CPU.ActiveCfg = Release|Any CPU
		{138BD312-009A-452D-A32D-46277C409AA9}.Release|Any CPU.Build.0 = Release|Any CPU
	EndGlobalSection
	GlobalSection(SolutionProperties) = preSolution
		HideSolutionNode = FALSE
	EndGlobalSection
	GlobalSection(ExtensibilityGlobals) = postSolution
		SolutionGuid = {9317F401-065C-4A57-BBE1-291C67C36A91}
	EndGlobalSection
EndGlobal
