
Microsoft Visual Studio Solution File, Format Version 12.00
# Visual Studio Version 16
VisualStudioVersion = 16.0.32602.291
MinimumVisualStudioVersion = 10.0.40219.1
Project("{9A19103F-16F7-4668-BE54-9A1E7A4F7556}") = "Aggregation_operations", "Aggregation_operations.csproj", "{D26804B8-FF19-465A-AD7E-DD0137C17D5C}"
EndProject
Global
	GlobalSection(SolutionConfigurationPlatforms) = preSolution
		Debug|Any CPU = Debug|Any CPU
		Release|Any CPU = Release|Any CPU
	EndGlobalSection
	GlobalSection(ProjectConfigurationPlatforms) = postSolution
		{D26804B8-FF19-465A-AD7E-DD0137C17D5C}.Debug|Any CPU.ActiveCfg = Debug|Any CPU
		{D26804B8-FF19-465A-AD7E-DD0137C17D5C}.Debug|Any CPU.Build.0 = Debug|Any CPU
		{D26804B8-FF19-465A-AD7E-DD0137C17D5C}.Release|Any CPU.ActiveCfg = Release|Any CPU
		{D26804B8-FF19-465A-AD7E-DD0137C17D5C}.Release|Any CPU.Build.0 = Release|Any CPU
	EndGlobalSection
	GlobalSection(SolutionProperties) = preSolution
		HideSolutionNode = FALSE
	EndGlobalSection
	GlobalSection(ExtensibilityGlobals) = postSolution
		SolutionGuid = {C9AD8865-CB06-49F9-BA7F-EB7674D62244}
	EndGlobalSection
EndGlobal
