
Microsoft Visual Studio Solution File, Format Version 12.00
# Visual Studio Version 16
VisualStudioVersion = 16.0.32602.291
MinimumVisualStudioVersion = 10.0.40219.1
Project("{9A19103F-16F7-4668-BE54-9A1E7A4F7556}") = "Basics of LINQ", "Basics of LINQ.csproj", "{145C3F40-C24C-4028-A3CB-1C4089F93BBC}"
EndProject
Global
	GlobalSection(SolutionConfigurationPlatforms) = preSolution
		Debug|Any CPU = Debug|Any CPU
		Release|Any CPU = Release|Any CPU
	EndGlobalSection
	GlobalSection(ProjectConfigurationPlatforms) = postSolution
		{145C3F40-C24C-4028-A3CB-1C4089F93BBC}.Debug|Any CPU.ActiveCfg = Debug|Any CPU
		{145C3F40-C24C-4028-A3CB-1C4089F93BBC}.Debug|Any CPU.Build.0 = Debug|Any CPU
		{145C3F40-C24C-4028-A3CB-1C4089F93BBC}.Release|Any CPU.ActiveCfg = Release|Any CPU
		{145C3F40-C24C-4028-A3CB-1C4089F93BBC}.Release|Any CPU.Build.0 = Release|Any CPU
	EndGlobalSection
	GlobalSection(SolutionProperties) = preSolution
		HideSolutionNode = FALSE
	EndGlobalSection
	GlobalSection(ExtensibilityGlobals) = postSolution
		SolutionGuid = {B674875B-733F-4E2D-97D9-BC0673720685}
	EndGlobalSection
EndGlobal
