
Microsoft Visual Studio Solution File, Format Version 12.00
# Visual Studio Version 16
VisualStudioVersion = 16.0.32602.291
MinimumVisualStudioVersion = 10.0.40219.1
Project("{FAE04EC0-301F-11D3-BF4B-00C04F79EFBC}") = "Адаптер (Adapter)", "Адаптер (Adapter).csproj", "{91B49D0B-6B8B-44F8-90AC-DABD002E4BCF}"
EndProject
Global
	GlobalSection(SolutionConfigurationPlatforms) = preSolution
		Debug|Any CPU = Debug|Any CPU
		Release|Any CPU = Release|Any CPU
	EndGlobalSection
	GlobalSection(ProjectConfigurationPlatforms) = postSolution
		{91B49D0B-6B8B-44F8-90AC-DABD002E4BCF}.Debug|Any CPU.ActiveCfg = Debug|Any CPU
		{91B49D0B-6B8B-44F8-90AC-DABD002E4BCF}.Debug|Any CPU.Build.0 = Debug|Any CPU
		{91B49D0B-6B8B-44F8-90AC-DABD002E4BCF}.Release|Any CPU.ActiveCfg = Release|Any CPU
		{91B49D0B-6B8B-44F8-90AC-DABD002E4BCF}.Release|Any CPU.Build.0 = Release|Any CPU
	EndGlobalSection
	GlobalSection(SolutionProperties) = preSolution
		HideSolutionNode = FALSE
	EndGlobalSection
	GlobalSection(ExtensibilityGlobals) = postSolution
		SolutionGuid = {F09D0D3B-C751-4074-8823-27B02C6CBFE9}
	EndGlobalSection
EndGlobal
