
Microsoft Visual Studio Solution File, Format Version 12.00
# Visual Studio Version 16
VisualStudioVersion = 16.0.32602.291
MinimumVisualStudioVersion = 10.0.40219.1
Project("{FAE04EC0-301F-11D3-BF4B-00C04F79EFBC}") = "Отношения между классами и объектами", "Отношения между классами и объектами.csproj", "{F7EA9499-A9B3-43D3-A989-C22413611DAF}"
EndProject
Global
	GlobalSection(SolutionConfigurationPlatforms) = preSolution
		Debug|Any CPU = Debug|Any CPU
		Release|Any CPU = Release|Any CPU
	EndGlobalSection
	GlobalSection(ProjectConfigurationPlatforms) = postSolution
		{F7EA9499-A9B3-43D3-A989-C22413611DAF}.Debug|Any CPU.ActiveCfg = Debug|Any CPU
		{F7EA9499-A9B3-43D3-A989-C22413611DAF}.Debug|Any CPU.Build.0 = Debug|Any CPU
		{F7EA9499-A9B3-43D3-A989-C22413611DAF}.Release|Any CPU.ActiveCfg = Release|Any CPU
		{F7EA9499-A9B3-43D3-A989-C22413611DAF}.Release|Any CPU.Build.0 = Release|Any CPU
	EndGlobalSection
	GlobalSection(SolutionProperties) = preSolution
		HideSolutionNode = FALSE
	EndGlobalSection
	GlobalSection(ExtensibilityGlobals) = postSolution
		SolutionGuid = {78B5F98F-D799-4517-B555-4223D6EA4763}
	EndGlobalSection
EndGlobal
